
Microsoft Visual Studio Solution File, Format Version 12.00
# Visual Studio 15
VisualStudioVersion = 15.0.28010.2041
MinimumVisualStudioVersion = 10.0.40219.1
Project("{8BC9CEB8-8B4A-11D0-8D11-00A0C91BC942}") = "xdx11_2_DirectX11", "xdx11_2_DirectX11\xdx11_2_DirectX11.vcxproj", "{C561AD6C-BBE6-45C9-BB71-B13512225229}"
EndProject
Project("{8BC9CEB8-8B4A-11D0-8D11-00A0C91BC942}") = "xdx11_1_Framework", "xdx11_1_Framework\xdx11_1_Framework.vcxproj", "{D36DF08D-AAB8-40D6-9B86-8104374AF79B}"
EndProject
Project("{8BC9CEB8-8B4A-11D0-8D11-00A0C91BC942}") = "xdx11_3_HLSL", "xdx11_3_HLSL\xdx11_3_HLSL.vcxproj", "{BB70F882-740D-4AB6-A6F6-EB37B4EF509C}"
EndProject
Project("{8BC9CEB8-8B4A-11D0-8D11-00A0C91BC942}") = "xdx11_4_Texturing", "xdx11_4_Texturing\xdx11_4_Texturing.vcxproj", "{0937F18A-30D6-468A-9BD6-EADB2AD8DAB5}"
EndProject
Global
	GlobalSection(SolutionConfigurationPlatforms) = preSolution
		Debug|x64 = Debug|x64
		Debug|x86 = Debug|x86
		Release|x64 = Release|x64
		Release|x86 = Release|x86
	EndGlobalSection
	GlobalSection(ProjectConfigurationPlatforms) = postSolution
		{C561AD6C-BBE6-45C9-BB71-B13512225229}.Debug|x64.ActiveCfg = Debug|x64
		{C561AD6C-BBE6-45C9-BB71-B13512225229}.Debug|x64.Build.0 = Debug|x64
		{C561AD6C-BBE6-45C9-BB71-B13512225229}.Debug|x86.ActiveCfg = Debug|Win32
		{C561AD6C-BBE6-45C9-BB71-B13512225229}.Debug|x86.Build.0 = Debug|Win32
		{C561AD6C-BBE6-45C9-BB71-B13512225229}.Release|x64.ActiveCfg = Release|x64
		{C561AD6C-BBE6-45C9-BB71-B13512225229}.Release|x64.Build.0 = Release|x64
		{C561AD6C-BBE6-45C9-BB71-B13512225229}.Release|x86.ActiveCfg = Release|Win32
		{C561AD6C-BBE6-45C9-BB71-B13512225229}.Release|x86.Build.0 = Release|Win32
		{D36DF08D-AAB8-40D6-9B86-8104374AF79B}.Debug|x64.ActiveCfg = Debug|x64
		{D36DF08D-AAB8-40D6-9B86-8104374AF79B}.Debug|x64.Build.0 = Debug|x64
		{D36DF08D-AAB8-40D6-9B86-8104374AF79B}.Debug|x86.ActiveCfg = Debug|Win32
		{D36DF08D-AAB8-40D6-9B86-8104374AF79B}.Debug|x86.Build.0 = Debug|Win32
		{D36DF08D-AAB8-40D6-9B86-8104374AF79B}.Release|x64.ActiveCfg = Release|x64
		{D36DF08D-AAB8-40D6-9B86-8104374AF79B}.Release|x64.Build.0 = Release|x64
		{D36DF08D-AAB8-40D6-9B86-8104374AF79B}.Release|x86.ActiveCfg = Release|Win32
		{D36DF08D-AAB8-40D6-9B86-8104374AF79B}.Release|x86.Build.0 = Release|Win32
		{BB70F882-740D-4AB6-A6F6-EB37B4EF509C}.Debug|x64.ActiveCfg = Debug|x64
		{BB70F882-740D-4AB6-A6F6-EB37B4EF509C}.Debug|x64.Build.0 = Debug|x64
		{BB70F882-740D-4AB6-A6F6-EB37B4EF509C}.Debug|x86.ActiveCfg = Debug|Win32
		{BB70F882-740D-4AB6-A6F6-EB37B4EF509C}.Debug|x86.Build.0 = Debug|Win32
		{BB70F882-740D-4AB6-A6F6-EB37B4EF509C}.Release|x64.ActiveCfg = Release|x64
		{BB70F882-740D-4AB6-A6F6-EB37B4EF509C}.Release|x64.Build.0 = Release|x64
		{BB70F882-740D-4AB6-A6F6-EB37B4EF509C}.Release|x86.ActiveCfg = Release|Win32
		{BB70F882-740D-4AB6-A6F6-EB37B4EF509C}.Release|x86.Build.0 = Release|Win32
		{0937F18A-30D6-468A-9BD6-EADB2AD8DAB5}.Debug|x64.ActiveCfg = Debug|x64
		{0937F18A-30D6-468A-9BD6-EADB2AD8DAB5}.Debug|x64.Build.0 = Debug|x64
		{0937F18A-30D6-468A-9BD6-EADB2AD8DAB5}.Debug|x86.ActiveCfg = Debug|Win32
		{0937F18A-30D6-468A-9BD6-EADB2AD8DAB5}.Debug|x86.Build.0 = Debug|Win32
		{0937F18A-30D6-468A-9BD6-EADB2AD8DAB5}.Release|x64.ActiveCfg = Release|x64
		{0937F18A-30D6-468A-9BD6-EADB2AD8DAB5}.Release|x64.Build.0 = Release|x64
		{0937F18A-30D6-468A-9BD6-EADB2AD8DAB5}.Release|x86.ActiveCfg = Release|Win32
		{0937F18A-30D6-468A-9BD6-EADB2AD8DAB5}.Release|x86.Build.0 = Release|Win32
	EndGlobalSection
	GlobalSection(SolutionProperties) = preSolution
		HideSolutionNode = FALSE
	EndGlobalSection
	GlobalSection(ExtensibilityGlobals) = postSolution
		SolutionGuid = {0BC24FBD-9A04-46D3-B301-1D0C423AFF8C}
	EndGlobalSection
EndGlobal
